
Microsoft Visual Studio Solution File, Format Version 12.00
# Visual Studio Version 16
VisualStudioVersion = 16.0.31911.196
MinimumVisualStudioVersion = 10.0.40219.1
Project("{FAE04EC0-301F-11D3-BF4B-00C04F79EFBC}") = "FishingBooker", "FishingBooker\FishingBooker.csproj", "{2A7E65C8-330B-4CE3-96E0-61043C11DC1F}"
EndProject
Project("{FAE04EC0-301F-11D3-BF4B-00C04F79EFBC}") = "FishingBookerLibrary", "FishingBookerLibrary\FishingBookerLibrary\FishingBookerLibrary.csproj", "{E1FCBDB4-037E-455E-B47C-C19D172C4256}"
EndProject
Global
	GlobalSection(SolutionConfigurationPlatforms) = preSolution
		Debug|Any CPU = Debug|Any CPU
		Release|Any CPU = Release|Any CPU
	EndGlobalSection
	GlobalSection(ProjectConfigurationPlatforms) = postSolution
		{2A7E65C8-330B-4CE3-96E0-61043C11DC1F}.Debug|Any CPU.ActiveCfg = Debug|Any CPU
		{2A7E65C8-330B-4CE3-96E0-61043C11DC1F}.Debug|Any CPU.Build.0 = Debug|Any CPU
		{2A7E65C8-330B-4CE3-96E0-61043C11DC1F}.Release|Any CPU.ActiveCfg = Release|Any CPU
		{2A7E65C8-330B-4CE3-96E0-61043C11DC1F}.Release|Any CPU.Build.0 = Release|Any CPU
		{E1FCBDB4-037E-455E-B47C-C19D172C4256}.Debug|Any CPU.ActiveCfg = Debug|Any CPU
		{E1FCBDB4-037E-455E-B47C-C19D172C4256}.Debug|Any CPU.Build.0 = Debug|Any CPU
		{E1FCBDB4-037E-455E-B47C-C19D172C4256}.Release|Any CPU.ActiveCfg = Release|Any CPU
		{E1FCBDB4-037E-455E-B47C-C19D172C4256}.Release|Any CPU.Build.0 = Release|Any CPU
	EndGlobalSection
	GlobalSection(SolutionProperties) = preSolution
		HideSolutionNode = FALSE
	EndGlobalSection
	GlobalSection(ExtensibilityGlobals) = postSolution
		SolutionGuid = {5862B49B-E951-4FF8-A695-A7BB687D590B}
	EndGlobalSection
EndGlobal
